// !$*UTF8*$!
{
	archiveVersion = 1;
	classes = {
	};
	objectVersion = 56;
	objects = {

/* Begin PBXBuildFile section */
		B6D4B8582AFA8BE0006D0BA7 /* DataSource.swift in Sources */ = {isa = PBXBuildFile; fileRef = B6D4B8572AFA8BE0006D0BA7 /* DataSource.swift */; };
		B6D943A12AFA25FA00F6E2F6 /* AppDelegate.swift in Sources */ = {isa = PBXBuildFile; fileRef = B6D943A02AFA25FA00F6E2F6 /* AppDelegate.swift */; };
		B6D943A32AFA25FA00F6E2F6 /* SceneDelegate.swift in Sources */ = {isa = PBXBuildFile; fileRef = B6D943A22AFA25FA00F6E2F6 /* SceneDelegate.swift */; };
		B6D943A52AFA25FA00F6E2F6 /* AnimationViewController.swift in Sources */ = {isa = PBXBuildFile; fileRef = B6D943A42AFA25FA00F6E2F6 /* AnimationViewController.swift */; };
		B6D943A82AFA25FA00F6E2F6 /* Main.storyboard in Resources */ = {isa = PBXBuildFile; fileRef = B6D943A62AFA25FA00F6E2F6 /* Main.storyboard */; };
		B6D943AA2AFA25FE00F6E2F6 /* Assets.xcassets in Resources */ = {isa = PBXBuildFile; fileRef = B6D943A92AFA25FE00F6E2F6 /* Assets.xcassets */; };
		B6D943AD2AFA25FE00F6E2F6 /* LaunchScreen.storyboard in Resources */ = {isa = PBXBuildFile; fileRef = B6D943AB2AFA25FE00F6E2F6 /* LaunchScreen.storyboard */; };
		B6D943B72AFA712500F6E2F6 /* SpringAnimation in Frameworks */ = {isa = PBXBuildFile; productRef = B6D943B62AFA712500F6E2F6 /* SpringAnimation */; };
		B6D943B92AFA714300F6E2F6 /* AnimationList.swift in Sources */ = {isa = PBXBuildFile; fileRef = B6D943B82AFA714300F6E2F6 /* AnimationList.swift */; };
/* End PBXBuildFile section */

/* Begin PBXFileReference section */
		B6D4B8572AFA8BE0006D0BA7 /* DataSource.swift */ = {isa = PBXFileReference; lastKnownFileType = sourcecode.swift; path = DataSource.swift; sourceTree = "<group>"; };
		B6D9439D2AFA25FA00F6E2F6 /* animationApp.app */ = {isa = PBXFileReference; explicitFileType = wrapper.application; includeInIndex = 0; path = animationApp.app; sourceTree = BUILT_PRODUCTS_DIR; };
		B6D943A02AFA25FA00F6E2F6 /* AppDelegate.swift */ = {isa = PBXFileReference; lastKnownFileType = sourcecode.swift; path = AppDelegate.swift; sourceTree = "<group>"; };
		B6D943A22AFA25FA00F6E2F6 /* SceneDelegate.swift */ = {isa = PBXFileReference; lastKnownFileType = sourcecode.swift; path = SceneDelegate.swift; sourceTree = "<group>"; };
		B6D943A42AFA25FA00F6E2F6 /* AnimationViewController.swift */ = {isa = PBXFileReference; lastKnownFileType = sourcecode.swift; path = AnimationViewController.swift; sourceTree = "<group>"; };
		B6D943A72AFA25FA00F6E2F6 /* Base */ = {isa = PBXFileReference; lastKnownFileType = file.storyboard; name = Base; path = Base.lproj/Main.storyboard; sourceTree = "<group>"; };
		B6D943A92AFA25FE00F6E2F6 /* Assets.xcassets */ = {isa = PBXFileReference; lastKnownFileType = folder.assetcatalog; path = Assets.xcassets; sourceTree = "<group>"; };
		B6D943AC2AFA25FE00F6E2F6 /* Base */ = {isa = PBXFileReference; lastKnownFileType = file.storyboard; name = Base; path = Base.lproj/LaunchScreen.storyboard; sourceTree = "<group>"; };
		B6D943AE2AFA25FE00F6E2F6 /* Info.plist */ = {isa = PBXFileReference; lastKnownFileType = text.plist.xml; path = Info.plist; sourceTree = "<group>"; };
		B6D943B82AFA714300F6E2F6 /* AnimationList.swift */ = {isa = PBXFileReference; lastKnownFileType = sourcecode.swift; path = AnimationList.swift; sourceTree = "<group>"; };
/* End PBXFileReference section */

/* Begin PBXFrameworksBuildPhase section */
		B6D9439A2AFA25FA00F6E2F6 /* Frameworks */ = {
			isa = PBXFrameworksBuildPhase;
			buildActionMask = 2147483647;
			files = (
				B6D943B72AFA712500F6E2F6 /* SpringAnimation in Frameworks */,
			);
			runOnlyForDeploymentPostprocessing = 0;
		};
/* End PBXFrameworksBuildPhase section */

/* Begin PBXGroup section */
		B6D4B8592AFC2B33006D0BA7 /* Models */ = {
			isa = PBXGroup;
			children = (
				B6D943B82AFA714300F6E2F6 /* AnimationList.swift */,
			);
			path = Models;
			sourceTree = "<group>";
		};
		B6D4B85A2AFC2B56006D0BA7 /* Storyboards */ = {
			isa = PBXGroup;
			children = (
				B6D943AB2AFA25FE00F6E2F6 /* LaunchScreen.storyboard */,
				B6D943A62AFA25FA00F6E2F6 /* Main.storyboard */,
			);
			path = Storyboards;
			sourceTree = "<group>";
		};
		B6D4B85B2AFC2B67006D0BA7 /* Services */ = {
			isa = PBXGroup;
			children = (
				B6D4B8572AFA8BE0006D0BA7 /* DataSource.swift */,
			);
			path = Services;
			sourceTree = "<group>";
		};
		B6D4B85C2AFC2B7B006D0BA7 /* ViewControllers */ = {
			isa = PBXGroup;
			children = (
				B6D943A42AFA25FA00F6E2F6 /* AnimationViewController.swift */,
			);
			path = ViewControllers;
			sourceTree = "<group>";
		};
		B6D4B85D2AFC2B94006D0BA7 /* SupportingFiles */ = {
			isa = PBXGroup;
			children = (
				B6D943AE2AFA25FE00F6E2F6 /* Info.plist */,
				B6D943A02AFA25FA00F6E2F6 /* AppDelegate.swift */,
				B6D943A22AFA25FA00F6E2F6 /* SceneDelegate.swift */,
			);
			path = SupportingFiles;
			sourceTree = "<group>";
		};
		B6D4B85E2AFC2BA5006D0BA7 /* Resourses */ = {
			isa = PBXGroup;
			children = (
				B6D943A92AFA25FE00F6E2F6 /* Assets.xcassets */,
			);
			path = Resourses;
			sourceTree = "<group>";
		};
		B6D943942AFA25FA00F6E2F6 = {
			isa = PBXGroup;
			children = (
				B6D9439F2AFA25FA00F6E2F6 /* animationApp */,
				B6D9439E2AFA25FA00F6E2F6 /* Products */,
			);
			sourceTree = "<group>";
		};
		B6D9439E2AFA25FA00F6E2F6 /* Products */ = {
			isa = PBXGroup;
			children = (
				B6D9439D2AFA25FA00F6E2F6 /* animationApp.app */,
			);
			name = Products;
			sourceTree = "<group>";
		};
		B6D9439F2AFA25FA00F6E2F6 /* animationApp */ = {
			isa = PBXGroup;
			children = (
				B6D4B85D2AFC2B94006D0BA7 /* SupportingFiles */,
				B6D4B85E2AFC2BA5006D0BA7 /* Resourses */,
				B6D4B85C2AFC2B7B006D0BA7 /* ViewControllers */,
				B6D4B85B2AFC2B67006D0BA7 /* Services */,
				B6D4B8592AFC2B33006D0BA7 /* Models */,
				B6D4B85A2AFC2B56006D0BA7 /* Storyboards */,
			);
			path = animationApp;
			sourceTree = "<group>";
		};
/* End PBXGroup section */

/* Begin PBXNativeTarget section */
		B6D9439C2AFA25FA00F6E2F6 /* animationApp */ = {
			isa = PBXNativeTarget;
			buildConfigurationList = B6D943B12AFA25FE00F6E2F6 /* Build configuration list for PBXNativeTarget "animationApp" */;
			buildPhases = (
				B6D943992AFA25FA00F6E2F6 /* Sources */,
				B6D9439A2AFA25FA00F6E2F6 /* Frameworks */,
				B6D9439B2AFA25FA00F6E2F6 /* Resources */,
			);
			buildRules = (
			);
			dependencies = (
			);
			name = animationApp;
			packageProductDependencies = (
				B6D943B62AFA712500F6E2F6 /* SpringAnimation */,
			);
			productName = animationApp;
			productReference = B6D9439D2AFA25FA00F6E2F6 /* animationApp.app */;
			productType = "com.apple.product-type.application";
		};
/* End PBXNativeTarget section */

/* Begin PBXProject section */
		B6D943952AFA25FA00F6E2F6 /* Project object */ = {
			isa = PBXProject;
			attributes = {
				BuildIndependentTargetsInParallel = 1;
				LastSwiftUpdateCheck = 1400;
				LastUpgradeCheck = 1400;
				TargetAttributes = {
					B6D9439C2AFA25FA00F6E2F6 = {
						CreatedOnToolsVersion = 14.0.1;
					};
				};
			};
			buildConfigurationList = B6D943982AFA25FA00F6E2F6 /* Build configuration list for PBXProject "animationApp" */;
			compatibilityVersion = "Xcode 14.0";
			developmentRegion = en;
			hasScannedForEncodings = 0;
			knownRegions = (
				en,
				Base,
			);
			mainGroup = B6D943942AFA25FA00F6E2F6;
			packageReferences = (
				B6D943B52AFA712500F6E2F6 /* XCRemoteSwiftPackageReference "SpringAnimation" */,
			);
			productRefGroup = B6D9439E2AFA25FA00F6E2F6 /* Products */;
			projectDirPath = "";
			projectRoot = "";
			targets = (
				B6D9439C2AFA25FA00F6E2F6 /* animationApp */,
			);
		};
/* End PBXProject section */

/* Begin PBXResourcesBuildPhase section */
		B6D9439B2AFA25FA00F6E2F6 /* Resources */ = {
			isa = PBXResourcesBuildPhase;
			buildActionMask = 2147483647;
			files = (
				B6D943AD2AFA25FE00F6E2F6 /* LaunchScreen.storyboard in Resources */,
				B6D943AA2AFA25FE00F6E2F6 /* Assets.xcassets in Resources */,
				B6D943A82AFA25FA00F6E2F6 /* Main.storyboard in Resources */,
			);
			runOnlyForDeploymentPostprocessing = 0;
		};
/* End PBXResourcesBuildPhase section */

/* Begin PBXSourcesBuildPhase section */
		B6D943992AFA25FA00F6E2F6 /* Sources */ = {
			isa = PBXSourcesBuildPhase;
			buildActionMask = 2147483647;
			files = (
				B6D943A52AFA25FA00F6E2F6 /* AnimationViewController.swift in Sources */,
				B6D943A12AFA25FA00F6E2F6 /* AppDelegate.swift in Sources */,
				B6D943A32AFA25FA00F6E2F6 /* SceneDelegate.swift in Sources */,
				B6D4B8582AFA8BE0006D0BA7 /* DataSource.swift in Sources */,
				B6D943B92AFA714300F6E2F6 /* AnimationList.swift in Sources */,
			);
			runOnlyForDeploymentPostprocessing = 0;
		};
/* End PBXSourcesBuildPhase section */

/* Begin PBXVariantGroup section */
		B6D943A62AFA25FA00F6E2F6 /* Main.storyboard */ = {
			isa = PBXVariantGroup;
			children = (
				B6D943A72AFA25FA00F6E2F6 /* Base */,
			);
			name = Main.storyboard;
			sourceTree = "<group>";
		};
		B6D943AB2AFA25FE00F6E2F6 /* LaunchScreen.storyboard */ = {
			isa = PBXVariantGroup;
			children = (
				B6D943AC2AFA25FE00F6E2F6 /* Base */,
			);
			name = LaunchScreen.storyboard;
			sourceTree = "<group>";
		};
/* End PBXVariantGroup section */

/* Begin XCBuildConfiguration section */
		B6D943AF2AFA25FE00F6E2F6 /* Debug */ = {
			isa = XCBuildConfiguration;
			buildSettings = {
				ALWAYS_SEARCH_USER_PATHS = NO;
				CLANG_ANALYZER_NONNULL = YES;
				CLANG_ANALYZER_NUMBER_OBJECT_CONVERSION = YES_AGGRESSIVE;
				CLANG_CXX_LANGUAGE_STANDARD = "gnu++20";
				CLANG_ENABLE_MODULES = YES;
				CLANG_ENABLE_OBJC_ARC = YES;
				CLANG_ENABLE_OBJC_WEAK = YES;
				CLANG_WARN_BLOCK_CAPTURE_AUTORELEASING = YES;
				CLANG_WARN_BOOL_CONVERSION = YES;
				CLANG_WARN_COMMA = YES;
				CLANG_WARN_CONSTANT_CONVERSION = YES;
				CLANG_WARN_DEPRECATED_OBJC_IMPLEMENTATIONS = YES;
				CLANG_WARN_DIRECT_OBJC_ISA_USAGE = YES_ERROR;
				CLANG_WARN_DOCUMENTATION_COMMENTS = YES;
				CLANG_WARN_EMPTY_BODY = YES;
				CLANG_WARN_ENUM_CONVERSION = YES;
				CLANG_WARN_INFINITE_RECURSION = YES;
				CLANG_WARN_INT_CONVERSION = YES;
				CLANG_WARN_NON_LITERAL_NULL_CONVERSION = YES;
				CLANG_WARN_OBJC_IMPLICIT_RETAIN_SELF = YES;
				CLANG_WARN_OBJC_LITERAL_CONVERSION = YES;
				CLANG_WARN_OBJC_ROOT_CLASS = YES_ERROR;
				CLANG_WARN_QUOTED_INCLUDE_IN_FRAMEWORK_HEADER = YES;
				CLANG_WARN_RANGE_LOOP_ANALYSIS = YES;
				CLANG_WARN_STRICT_PROTOTYPES = YES;
				CLANG_WARN_SUSPICIOUS_MOVE = YES;
				CLANG_WARN_UNGUARDED_AVAILABILITY = YES_AGGRESSIVE;
				CLANG_WARN_UNREACHABLE_CODE = YES;
				CLANG_WARN__DUPLICATE_METHOD_MATCH = YES;
				COPY_PHASE_STRIP = NO;
				DEBUG_INFORMATION_FORMAT = dwarf;
				ENABLE_STRICT_OBJC_MSGSEND = YES;
				ENABLE_TESTABILITY = YES;
				GCC_C_LANGUAGE_STANDARD = gnu11;
				GCC_DYNAMIC_NO_PIC = NO;
				GCC_NO_COMMON_BLOCKS = YES;
				GCC_OPTIMIZATION_LEVEL = 0;
				GCC_PREPROCESSOR_DEFINITIONS = (
					"DEBUG=1",
					"$(inherited)",
				);
				GCC_WARN_64_TO_32_BIT_CONVERSION = YES;
				GCC_WARN_ABOUT_RETURN_TYPE = YES_ERROR;
				GCC_WARN_UNDECLARED_SELECTOR = YES;
				GCC_WARN_UNINITIALIZED_AUTOS = YES_AGGRESSIVE;
				GCC_WARN_UNUSED_FUNCTION = YES;
				GCC_WARN_UNUSED_VARIABLE = YES;
				IPHONEOS_DEPLOYMENT_TARGET = 16.0;
				MTL_ENABLE_DEBUG_INFO = INCLUDE_SOURCE;
				MTL_FAST_MATH = YES;
				ONLY_ACTIVE_ARCH = YES;
				SDKROOT = iphoneos;
				SWIFT_ACTIVE_COMPILATION_CONDITIONS = DEBUG;
				SWIFT_OPTIMIZATION_LEVEL = "-Onone";
			};
			name = Debug;
		};
		B6D943B02AFA25FE00F6E2F6 /* Release */ = {
			isa = XCBuildConfiguration;
			buildSettings = {
				ALWAYS_SEARCH_USER_PATHS = NO;
				CLANG_ANALYZER_NONNULL = YES;
				CLANG_ANALYZER_NUMBER_OBJECT_CONVERSION = YES_AGGRESSIVE;
				CLANG_CXX_LANGUAGE_STANDARD = "gnu++20";
				CLANG_ENABLE_MODULES = YES;
				CLANG_ENABLE_OBJC_ARC = YES;
				CLANG_ENABLE_OBJC_WEAK = YES;
				CLANG_WARN_BLOCK_CAPTURE_AUTORELEASING = YES;
				CLANG_WARN_BOOL_CONVERSION = YES;
				CLANG_WARN_COMMA = YES;
				CLANG_WARN_CONSTANT_CONVERSION = YES;
				CLANG_WARN_DEPRECATED_OBJC_IMPLEMENTATIONS = YES;
				CLANG_WARN_DIRECT_OBJC_ISA_USAGE = YES_ERROR;
				CLANG_WARN_DOCUMENTATION_COMMENTS = YES;
				CLANG_WARN_EMPTY_BODY = YES;
				CLANG_WARN_ENUM_CONVERSION = YES;
				CLANG_WARN_INFINITE_RECURSION = YES;
				CLANG_WARN_INT_CONVERSION = YES;
				CLANG_WARN_NON_LITERAL_NULL_CONVERSION = YES;
				CLANG_WARN_OBJC_IMPLICIT_RETAIN_SELF = YES;
				CLANG_WARN_OBJC_LITERAL_CONVERSION = YES;
				CLANG_WARN_OBJC_ROOT_CLASS = YES_ERROR;
				CLANG_WARN_QUOTED_INCLUDE_IN_FRAMEWORK_HEADER = YES;
				CLANG_WARN_RANGE_LOOP_ANALYSIS = YES;
				CLANG_WARN_STRICT_PROTOTYPES = YES;
				CLANG_WARN_SUSPICIOUS_MOVE = YES;
				CLANG_WARN_UNGUARDED_AVAILABILITY = YES_AGGRESSIVE;
				CLANG_WARN_UNREACHABLE_CODE = YES;
				CLANG_WARN__DUPLICATE_METHOD_MATCH = YES;
				COPY_PHASE_STRIP = NO;
				DEBUG_INFORMATION_FORMAT = "dwarf-with-dsym";
				ENABLE_NS_ASSERTIONS = NO;
				ENABLE_STRICT_OBJC_MSGSEND = YES;
				GCC_C_LANGUAGE_STANDARD = gnu11;
				GCC_NO_COMMON_BLOCKS = YES;
				GCC_WARN_64_TO_32_BIT_CONVERSION = YES;
				GCC_WARN_ABOUT_RETURN_TYPE = YES_ERROR;
				GCC_WARN_UNDECLARED_SELECTOR = YES;
				GCC_WARN_UNINITIALIZED_AUTOS = YES_AGGRESSIVE;
				GCC_WARN_UNUSED_FUNCTION = YES;
				GCC_WARN_UNUSED_VARIABLE = YES;
				IPHONEOS_DEPLOYMENT_TARGET = 16.0;
				MTL_ENABLE_DEBUG_INFO = NO;
				MTL_FAST_MATH = YES;
				SDKROOT = iphoneos;
				SWIFT_COMPILATION_MODE = wholemodule;
				SWIFT_OPTIMIZATION_LEVEL = "-O";
				VALIDATE_PRODUCT = YES;
			};
			name = Release;
		};
		B6D943B22AFA25FE00F6E2F6 /* Debug */ = {
			isa = XCBuildConfiguration;
			buildSettings = {
				ASSETCATALOG_COMPILER_APPICON_NAME = AppIcon;
				ASSETCATALOG_COMPILER_GLOBAL_ACCENT_COLOR_NAME = AccentColor;
				CODE_SIGN_STYLE = Automatic;
				CURRENT_PROJECT_VERSION = 1;
				GENERATE_INFOPLIST_FILE = YES;
				INFOPLIST_FILE = animationApp/SupportingFiles/Info.plist;
				INFOPLIST_KEY_UIApplicationSupportsIndirectInputEvents = YES;
				INFOPLIST_KEY_UILaunchStoryboardName = LaunchScreen;
				INFOPLIST_KEY_UIMainStoryboardFile = Main;
				INFOPLIST_KEY_UISupportedInterfaceOrientations_iPad = "UIInterfaceOrientationPortrait UIInterfaceOrientationPortraitUpsideDown UIInterfaceOrientationLandscapeLeft UIInterfaceOrientationLandscapeRight";
				INFOPLIST_KEY_UISupportedInterfaceOrientations_iPhone = "UIInterfaceOrientationPortrait UIInterfaceOrientationLandscapeLeft UIInterfaceOrientationLandscapeRight";
				LD_RUNPATH_SEARCH_PATHS = (
					"$(inherited)",
					"@executable_path/Frameworks",
				);
				MARKETING_VERSION = 1.0;
				PRODUCT_BUNDLE_IDENTIFIER = ToropovDaniil.animationApp;
				PRODUCT_NAME = "$(TARGET_NAME)";
				SUPPORTED_PLATFORMS = "iphoneos iphonesimulator";
				SUPPORTS_MACCATALYST = NO;
				SUPPORTS_MAC_DESIGNED_FOR_IPHONE_IPAD = NO;
				SWIFT_EMIT_LOC_STRINGS = YES;
				SWIFT_VERSION = 5.0;
				TARGETED_DEVICE_FAMILY = 1;
			};
			name = Debug;
		};
		B6D943B32AFA25FE00F6E2F6 /* Release */ = {
			isa = XCBuildConfiguration;
			buildSettings = {
				ASSETCATALOG_COMPILER_APPICON_NAME = AppIcon;
				ASSETCATALOG_COMPILER_GLOBAL_ACCENT_COLOR_NAME = AccentColor;
				CODE_SIGN_STYLE = Automatic;
				CURRENT_PROJECT_VERSION = 1;
				GENERATE_INFOPLIST_FILE = YES;
				INFOPLIST_FILE = animationApp/SupportingFiles/Info.plist;
				INFOPLIST_KEY_UIApplicationSupportsIndirectInputEvents = YES;
				INFOPLIST_KEY_UILaunchStoryboardName = LaunchScreen;
				INFOPLIST_KEY_UIMainStoryboardFile = Main;
				INFOPLIST_KEY_UISupportedInterfaceOrientations_iPad = "UIInterfaceOrientationPortrait UIInterfaceOrientationPortraitUpsideDown UIInterfaceOrientationLandscapeLeft UIInterfaceOrientationLandscapeRight";
				INFOPLIST_KEY_UISupportedInterfaceOrientations_iPhone = "UIInterfaceOrientationPortrait UIInterfaceOrientationLandscapeLeft UIInterfaceOrientationLandscapeRight";
				LD_RUNPATH_SEARCH_PATHS = (
					"$(inherited)",
					"@executable_path/Frameworks",
				);
				MARKETING_VERSION = 1.0;
				PRODUCT_BUNDLE_IDENTIFIER = ToropovDaniil.animationApp;
				PRODUCT_NAME = "$(TARGET_NAME)";
				SUPPORTED_PLATFORMS = "iphoneos iphonesimulator";
				SUPPORTS_MACCATALYST = NO;
				SUPPORTS_MAC_DESIGNED_FOR_IPHONE_IPAD = NO;
				SWIFT_EMIT_LOC_STRINGS = YES;
				SWIFT_VERSION = 5.0;
				TARGETED_DEVICE_FAMILY = 1;
			};
			name = Release;
		};
/* End XCBuildConfiguration section */

/* Begin XCConfigurationList section */
		B6D943982AFA25FA00F6E2F6 /* Build configuration list for PBXProject "animationApp" */ = {
			isa = XCConfigurationList;
			buildConfigurations = (
				B6D943AF2AFA25FE00F6E2F6 /* Debug */,
				B6D943B02AFA25FE00F6E2F6 /* Release */,
			);
			defaultConfigurationIsVisible = 0;
			defaultConfigurationName = Release;
		};
		B6D943B12AFA25FE00F6E2F6 /* Build configuration list for PBXNativeTarget "animationApp" */ = {
			isa = XCConfigurationList;
			buildConfigurations = (
				B6D943B22AFA25FE00F6E2F6 /* Debug */,
				B6D943B32AFA25FE00F6E2F6 /* Release */,
			);
			defaultConfigurationIsVisible = 0;
			defaultConfigurationName = Release;
		};
/* End XCConfigurationList section */

/* Begin XCRemoteSwiftPackageReference section */
		B6D943B52AFA712500F6E2F6 /* XCRemoteSwiftPackageReference "SpringAnimation" */ = {
			isa = XCRemoteSwiftPackageReference;
			repositoryURL = "https://github.com/LexDeBash/SpringAnimation.git";
			requirement = {
				kind = upToNextMajorVersion;
				minimumVersion = 0.3.0;
			};
		};
/* End XCRemoteSwiftPackageReference section */

/* Begin XCSwiftPackageProductDependency section */
		B6D943B62AFA712500F6E2F6 /* SpringAnimation */ = {
			isa = XCSwiftPackageProductDependency;
			package = B6D943B52AFA712500F6E2F6 /* XCRemoteSwiftPackageReference "SpringAnimation" */;
			productName = SpringAnimation;
		};
/* End XCSwiftPackageProductDependency section */
	};
	rootObject = B6D943952AFA25FA00F6E2F6 /* Project object */;
}
